// !$*UTF8*$!
{
	archiveVersion = 1;
	classes = {
	};
	objectVersion = 55;
	objects = {

/* Begin PBXBuildFile section */
		3F658DD227DC7772000A21AE /* AppDelegate.swift in Sources */ = {isa = PBXBuildFile; fileRef = 3F658DD127DC7772000A21AE /* AppDelegate.swift */; };
		3F658DD427DC7772000A21AE /* SceneDelegate.swift in Sources */ = {isa = PBXBuildFile; fileRef = 3F658DD327DC7772000A21AE /* SceneDelegate.swift */; };
		3F658DD627DC7772000A21AE /* ViewController.swift in Sources */ = {isa = PBXBuildFile; fileRef = 3F658DD527DC7772000A21AE /* ViewController.swift */; };
		3F658DD927DC7772000A21AE /* Main.storyboard in Resources */ = {isa = PBXBuildFile; fileRef = 3F658DD727DC7772000A21AE /* Main.storyboard */; };
		3F658DDB27DC7773000A21AE /* Assets.xcassets in Resources */ = {isa = PBXBuildFile; fileRef = 3F658DDA27DC7773000A21AE /* Assets.xcassets */; };
		3F658DDE27DC7773000A21AE /* LaunchScreen.storyboard in Resources */ = {isa = PBXBuildFile; fileRef = 3F658DDC27DC7773000A21AE /* LaunchScreen.storyboard */; };
		3F658DE927DC7773000A21AE /* Magic_BallTests.swift in Sources */ = {isa = PBXBuildFile; fileRef = 3F658DE827DC7773000A21AE /* Magic_BallTests.swift */; };
		3F658DF327DC7773000A21AE /* Magic_BallUITests.swift in Sources */ = {isa = PBXBuildFile; fileRef = 3F658DF227DC7773000A21AE /* Magic_BallUITests.swift */; };
		3F658DF527DC7773000A21AE /* Magic_BallUITestsLaunchTests.swift in Sources */ = {isa = PBXBuildFile; fileRef = 3F658DF427DC7773000A21AE /* Magic_BallUITestsLaunchTests.swift */; };
/* End PBXBuildFile section */

/* Begin PBXContainerItemProxy section */
		3F658DE527DC7773000A21AE /* PBXContainerItemProxy */ = {
			isa = PBXContainerItemProxy;
			containerPortal = 3F658DC627DC7772000A21AE /* Project object */;
			proxyType = 1;
			remoteGlobalIDString = 3F658DCD27DC7772000A21AE;
			remoteInfo = "Magic Ball";
		};
		3F658DEF27DC7773000A21AE /* PBXContainerItemProxy */ = {
			isa = PBXContainerItemProxy;
			containerPortal = 3F658DC627DC7772000A21AE /* Project object */;
			proxyType = 1;
			remoteGlobalIDString = 3F658DCD27DC7772000A21AE;
			remoteInfo = "Magic Ball";
		};
/* End PBXContainerItemProxy section */

/* Begin PBXFileReference section */
		3F658DCE27DC7772000A21AE /* Magic Ball.app */ = {isa = PBXFileReference; explicitFileType = wrapper.application; includeInIndex = 0; path = "Magic Ball.app"; sourceTree = BUILT_PRODUCTS_DIR; };
		3F658DD127DC7772000A21AE /* AppDelegate.swift */ = {isa = PBXFileReference; lastKnownFileType = sourcecode.swift; path = AppDelegate.swift; sourceTree = "<group>"; };
		3F658DD327DC7772000A21AE /* SceneDelegate.swift */ = {isa = PBXFileReference; lastKnownFileType = sourcecode.swift; path = SceneDelegate.swift; sourceTree = "<group>"; };
		3F658DD527DC7772000A21AE /* ViewController.swift */ = {isa = PBXFileReference; lastKnownFileType = sourcecode.swift; path = ViewController.swift; sourceTree = "<group>"; };
		3F658DD827DC7772000A21AE /* Base */ = {isa = PBXFileReference; lastKnownFileType = file.storyboard; name = Base; path = Base.lproj/Main.storyboard; sourceTree = "<group>"; };
		3F658DDA27DC7773000A21AE /* Assets.xcassets */ = {isa = PBXFileReference; lastKnownFileType = folder.assetcatalog; path = Assets.xcassets; sourceTree = "<group>"; };
		3F658DDD27DC7773000A21AE /* Base */ = {isa = PBXFileReference; lastKnownFileType = file.storyboard; name = Base; path = Base.lproj/LaunchScreen.storyboard; sourceTree = "<group>"; };
		3F658DDF27DC7773000A21AE /* Info.plist */ = {isa = PBXFileReference; lastKnownFileType = text.plist.xml; path = Info.plist; sourceTree = "<group>"; };
		3F658DE427DC7773000A21AE /* Magic BallTests.xctest */ = {isa = PBXFileReference; explicitFileType = wrapper.cfbundle; includeInIndex = 0; path = "Magic BallTests.xctest"; sourceTree = BUILT_PRODUCTS_DIR; };
		3F658DE827DC7773000A21AE /* Magic_BallTests.swift */ = {isa = PBXFileReference; lastKnownFileType = sourcecode.swift; path = Magic_BallTests.swift; sourceTree = "<group>"; };
		3F658DEE27DC7773000A21AE /* Magic BallUITests.xctest */ = {isa = PBXFileReference; explicitFileType = wrapper.cfbundle; includeInIndex = 0; path = "Magic BallUITests.xctest"; sourceTree = BUILT_PRODUCTS_DIR; };
		3F658DF227DC7773000A21AE /* Magic_BallUITests.swift */ = {isa = PBXFileReference; lastKnownFileType = sourcecode.swift; path = Magic_BallUITests.swift; sourceTree = "<group>"; };
		3F658DF427DC7773000A21AE /* Magic_BallUITestsLaunchTests.swift */ = {isa = PBXFileReference; lastKnownFileType = sourcecode.swift; path = Magic_BallUITestsLaunchTests.swift; sourceTree = "<group>"; };
/* End PBXFileReference section */

/* Begin PBXFrameworksBuildPhase section */
		3F658DCB27DC7772000A21AE /* Frameworks */ = {
			isa = PBXFrameworksBuildPhase;
			buildActionMask = 2147483647;
			files = (
			);
			runOnlyForDeploymentPostprocessing = 0;
		};
		3F658DE127DC7773000A21AE /* Frameworks */ = {
			isa = PBXFrameworksBuildPhase;
			buildActionMask = 2147483647;
			files = (
			);
			runOnlyForDeploymentPostprocessing = 0;
		};
		3F658DEB27DC7773000A21AE /* Frameworks */ = {
			isa = PBXFrameworksBuildPhase;
			buildActionMask = 2147483647;
			files = (
			);
			runOnlyForDeploymentPostprocessing = 0;
		};
/* End PBXFrameworksBuildPhase section */

/* Begin PBXGroup section */
		3F658DC527DC7772000A21AE = {
			isa = PBXGroup;
			children = (
				3F658DD027DC7772000A21AE /* Magic Ball */,
				3F658DE727DC7773000A21AE /* Magic BallTests */,
				3F658DF127DC7773000A21AE /* Magic BallUITests */,
				3F658DCF27DC7772000A21AE /* Products */,
			);
			sourceTree = "<group>";
		};
		3F658DCF27DC7772000A21AE /* Products */ = {
			isa = PBXGroup;
			children = (
				3F658DCE27DC7772000A21AE /* Magic Ball.app */,
				3F658DE427DC7773000A21AE /* Magic BallTests.xctest */,
				3F658DEE27DC7773000A21AE /* Magic BallUITests.xctest */,
			);
			name = Products;
			sourceTree = "<group>";
		};
		3F658DD027DC7772000A21AE /* Magic Ball */ = {
			isa = PBXGroup;
			children = (
				3F658DD127DC7772000A21AE /* AppDelegate.swift */,
				3F658DD327DC7772000A21AE /* SceneDelegate.swift */,
				3F658DD527DC7772000A21AE /* ViewController.swift */,
				3F658DD727DC7772000A21AE /* Main.storyboard */,
				3F658DDA27DC7773000A21AE /* Assets.xcassets */,
				3F658DDC27DC7773000A21AE /* LaunchScreen.storyboard */,
				3F658DDF27DC7773000A21AE /* Info.plist */,
			);
			path = "Magic Ball";
			sourceTree = "<group>";
		};
		3F658DE727DC7773000A21AE /* Magic BallTests */ = {
			isa = PBXGroup;
			children = (
				3F658DE827DC7773000A21AE /* Magic_BallTests.swift */,
			);
			path = "Magic BallTests";
			sourceTree = "<group>";
		};
		3F658DF127DC7773000A21AE /* Magic BallUITests */ = {
			isa = PBXGroup;
			children = (
				3F658DF227DC7773000A21AE /* Magic_BallUITests.swift */,
				3F658DF427DC7773000A21AE /* Magic_BallUITestsLaunchTests.swift */,
			);
			path = "Magic BallUITests";
			sourceTree = "<group>";
		};
/* End PBXGroup section */

/* Begin PBXNativeTarget section */
		3F658DCD27DC7772000A21AE /* Magic Ball */ = {
			isa = PBXNativeTarget;
			buildConfigurationList = 3F658DF827DC7773000A21AE /* Build configuration list for PBXNativeTarget "Magic Ball" */;
			buildPhases = (
				3F658DCA27DC7772000A21AE /* Sources */,
				3F658DCB27DC7772000A21AE /* Frameworks */,
				3F658DCC27DC7772000A21AE /* Resources */,
			);
			buildRules = (
			);
			dependencies = (
			);
			name = "Magic Ball";
			productName = "Magic Ball";
			productReference = 3F658DCE27DC7772000A21AE /* Magic Ball.app */;
			productType = "com.apple.product-type.application";
		};
		3F658DE327DC7773000A21AE /* Magic BallTests */ = {
			isa = PBXNativeTarget;
			buildConfigurationList = 3F658DFB27DC7773000A21AE /* Build configuration list for PBXNativeTarget "Magic BallTests" */;
			buildPhases = (
				3F658DE027DC7773000A21AE /* Sources */,
				3F658DE127DC7773000A21AE /* Frameworks */,
				3F658DE227DC7773000A21AE /* Resources */,
			);
			buildRules = (
			);
			dependencies = (
				3F658DE627DC7773000A21AE /* PBXTargetDependency */,
			);
			name = "Magic BallTests";
			productName = "Magic BallTests";
			productReference = 3F658DE427DC7773000A21AE /* Magic BallTests.xctest */;
			productType = "com.apple.product-type.bundle.unit-test";
		};
		3F658DED27DC7773000A21AE /* Magic BallUITests */ = {
			isa = PBXNativeTarget;
			buildConfigurationList = 3F658DFE27DC7773000A21AE /* Build configuration list for PBXNativeTarget "Magic BallUITests" */;
			buildPhases = (
				3F658DEA27DC7773000A21AE /* Sources */,
				3F658DEB27DC7773000A21AE /* Frameworks */,
				3F658DEC27DC7773000A21AE /* Resources */,
			);
			buildRules = (
			);
			dependencies = (
				3F658DF027DC7773000A21AE /* PBXTargetDependency */,
			);
			name = "Magic BallUITests";
			productName = "Magic BallUITests";
			productReference = 3F658DEE27DC7773000A21AE /* Magic BallUITests.xctest */;
			productType = "com.apple.product-type.bundle.ui-testing";
		};
/* End PBXNativeTarget section */

/* Begin PBXProject section */
		3F658DC627DC7772000A21AE /* Project object */ = {
			isa = PBXProject;
			attributes = {
				BuildIndependentTargetsInParallel = 1;
				LastSwiftUpdateCheck = 1320;
				LastUpgradeCheck = 1320;
				TargetAttributes = {
					3F658DCD27DC7772000A21AE = {
						CreatedOnToolsVersion = 13.2.1;
					};
					3F658DE327DC7773000A21AE = {
						CreatedOnToolsVersion = 13.2.1;
						TestTargetID = 3F658DCD27DC7772000A21AE;
					};
					3F658DED27DC7773000A21AE = {
						CreatedOnToolsVersion = 13.2.1;
						TestTargetID = 3F658DCD27DC7772000A21AE;
					};
				};
			};
			buildConfigurationList = 3F658DC927DC7772000A21AE /* Build configuration list for PBXProject "Magic Ball" */;
			compatibilityVersion = "Xcode 13.0";
			developmentRegion = en;
			hasScannedForEncodings = 0;
			knownRegions = (
				en,
				Base,
			);
			mainGroup = 3F658DC527DC7772000A21AE;
			productRefGroup = 3F658DCF27DC7772000A21AE /* Products */;
			projectDirPath = "";
			projectRoot = "";
			targets = (
				3F658DCD27DC7772000A21AE /* Magic Ball */,
				3F658DE327DC7773000A21AE /* Magic BallTests */,
				3F658DED27DC7773000A21AE /* Magic BallUITests */,
			);
		};
/* End PBXProject section */

/* Begin PBXResourcesBuildPhase section */
		3F658DCC27DC7772000A21AE /* Resources */ = {
			isa = PBXResourcesBuildPhase;
			buildActionMask = 2147483647;
			files = (
				3F658DDE27DC7773000A21AE /* LaunchScreen.storyboard in Resources */,
				3F658DDB27DC7773000A21AE /* Assets.xcassets in Resources */,
				3F658DD927DC7772000A21AE /* Main.storyboard in Resources */,
			);
			runOnlyForDeploymentPostprocessing = 0;
		};
		3F658DE227DC7773000A21AE /* Resources */ = {
			isa = PBXResourcesBuildPhase;
			buildActionMask = 2147483647;
			files = (
			);
			runOnlyForDeploymentPostprocessing = 0;
		};
		3F658DEC27DC7773000A21AE /* Resources */ = {
			isa = PBXResourcesBuildPhase;
			buildActionMask = 2147483647;
			files = (
			);
			runOnlyForDeploymentPostprocessing = 0;
		};
/* End PBXResourcesBuildPhase section */

/* Begin PBXSourcesBuildPhase section */
		3F658DCA27DC7772000A21AE /* Sources */ = {
			isa = PBXSourcesBuildPhase;
			buildActionMask = 2147483647;
			files = (
				3F658DD627DC7772000A21AE /* ViewController.swift in Sources */,
				3F658DD227DC7772000A21AE /* AppDelegate.swift in Sources */,
				3F658DD427DC7772000A21AE /* SceneDelegate.swift in Sources */,
			);
			runOnlyForDeploymentPostprocessing = 0;
		};
		3F658DE027DC7773000A21AE /* Sources */ = {
			isa = PBXSourcesBuildPhase;
			buildActionMask = 2147483647;
			files = (
				3F658DE927DC7773000A21AE /* Magic_BallTests.swift in Sources */,
			);
			runOnlyForDeploymentPostprocessing = 0;
		};
		3F658DEA27DC7773000A21AE /* Sources */ = {
			isa = PBXSourcesBuildPhase;
			buildActionMask = 2147483647;
			files = (
				3F658DF327DC7773000A21AE /* Magic_BallUITests.swift in Sources */,
				3F658DF527DC7773000A21AE /* Magic_BallUITestsLaunchTests.swift in Sources */,
			);
			runOnlyForDeploymentPostprocessing = 0;
		};
/* End PBXSourcesBuildPhase section */

/* Begin PBXTargetDependency section */
		3F658DE627DC7773000A21AE /* PBXTargetDependency */ = {
			isa = PBXTargetDependency;
			target = 3F658DCD27DC7772000A21AE /* Magic Ball */;
			targetProxy = 3F658DE527DC7773000A21AE /* PBXContainerItemProxy */;
		};
		3F658DF027DC7773000A21AE /* PBXTargetDependency */ = {
			isa = PBXTargetDependency;
			target = 3F658DCD27DC7772000A21AE /* Magic Ball */;
			targetProxy = 3F658DEF27DC7773000A21AE /* PBXContainerItemProxy */;
		};
/* End PBXTargetDependency section */

/* Begin PBXVariantGroup section */
		3F658DD727DC7772000A21AE /* Main.storyboard */ = {
			isa = PBXVariantGroup;
			children = (
				3F658DD827DC7772000A21AE /* Base */,
			);
			name = Main.storyboard;
			sourceTree = "<group>";
		};
		3F658DDC27DC7773000A21AE /* LaunchScreen.storyboard */ = {
			isa = PBXVariantGroup;
			children = (
				3F658DDD27DC7773000A21AE /* Base */,
			);
			name = LaunchScreen.storyboard;
			sourceTree = "<group>";
		};
/* End PBXVariantGroup section */

/* Begin XCBuildConfiguration section */
		3F658DF627DC7773000A21AE /* Debug */ = {
			isa = XCBuildConfiguration;
			buildSettings = {
				ALWAYS_SEARCH_USER_PATHS = NO;
				CLANG_ANALYZER_NONNULL = YES;
				CLANG_ANALYZER_NUMBER_OBJECT_CONVERSION = YES_AGGRESSIVE;
				CLANG_CXX_LANGUAGE_STANDARD = "gnu++17";
				CLANG_CXX_LIBRARY = "libc++";
				CLANG_ENABLE_MODULES = YES;
				CLANG_ENABLE_OBJC_ARC = YES;
				CLANG_ENABLE_OBJC_WEAK = YES;
				CLANG_WARN_BLOCK_CAPTURE_AUTORELEASING = YES;
				CLANG_WARN_BOOL_CONVERSION = YES;
				CLANG_WARN_COMMA = YES;
				CLANG_WARN_CONSTANT_CONVERSION = YES;
				CLANG_WARN_DEPRECATED_OBJC_IMPLEMENTATIONS = YES;
				CLANG_WARN_DIRECT_OBJC_ISA_USAGE = YES_ERROR;
				CLANG_WARN_DOCUMENTATION_COMMENTS = YES;
				CLANG_WARN_EMPTY_BODY = YES;
				CLANG_WARN_ENUM_CONVERSION = YES;
				CLANG_WARN_INFINITE_RECURSION = YES;
				CLANG_WARN_INT_CONVERSION = YES;
				CLANG_WARN_NON_LITERAL_NULL_CONVERSION = YES;
				CLANG_WARN_OBJC_IMPLICIT_RETAIN_SELF = YES;
				CLANG_WARN_OBJC_LITERAL_CONVERSION = YES;
				CLANG_WARN_OBJC_ROOT_CLASS = YES_ERROR;
				CLANG_WARN_QUOTED_INCLUDE_IN_FRAMEWORK_HEADER = YES;
				CLANG_WARN_RANGE_LOOP_ANALYSIS = YES;
				CLANG_WARN_STRICT_PROTOTYPES = YES;
				CLANG_WARN_SUSPICIOUS_MOVE = YES;
				CLANG_WARN_UNGUARDED_AVAILABILITY = YES_AGGRESSIVE;
				CLANG_WARN_UNREACHABLE_CODE = YES;
				CLANG_WARN__DUPLICATE_METHOD_MATCH = YES;
				COPY_PHASE_STRIP = NO;
				DEBUG_INFORMATION_FORMAT = dwarf;
				ENABLE_STRICT_OBJC_MSGSEND = YES;
				ENABLE_TESTABILITY = YES;
				GCC_C_LANGUAGE_STANDARD = gnu11;
				GCC_DYNAMIC_NO_PIC = NO;
				GCC_NO_COMMON_BLOCKS = YES;
				GCC_OPTIMIZATION_LEVEL = 0;
				GCC_PREPROCESSOR_DEFINITIONS = (
					"DEBUG=1",
					"$(inherited)",
				);
				GCC_WARN_64_TO_32_BIT_CONVERSION = YES;
				GCC_WARN_ABOUT_RETURN_TYPE = YES_ERROR;
				GCC_WARN_UNDECLARED_SELECTOR = YES;
				GCC_WARN_UNINITIALIZED_AUTOS = YES_AGGRESSIVE;
				GCC_WARN_UNUSED_FUNCTION = YES;
				GCC_WARN_UNUSED_VARIABLE = YES;
				IPHONEOS_DEPLOYMENT_TARGET = 15.2;
				MTL_ENABLE_DEBUG_INFO = INCLUDE_SOURCE;
				MTL_FAST_MATH = YES;
				ONLY_ACTIVE_ARCH = YES;
				SDKROOT = iphoneos;
				SWIFT_ACTIVE_COMPILATION_CONDITIONS = DEBUG;
				SWIFT_OPTIMIZATION_LEVEL = "-Onone";
			};
			name = Debug;
		};
		3F658DF727DC7773000A21AE /* Release */ = {
			isa = XCBuildConfiguration;
			buildSettings = {
				ALWAYS_SEARCH_USER_PATHS = NO;
				CLANG_ANALYZER_NONNULL = YES;
				CLANG_ANALYZER_NUMBER_OBJECT_CONVERSION = YES_AGGRESSIVE;
				CLANG_CXX_LANGUAGE_STANDARD = "gnu++17";
				CLANG_CXX_LIBRARY = "libc++";
				CLANG_ENABLE_MODULES = YES;
				CLANG_ENABLE_OBJC_ARC = YES;
				CLANG_ENABLE_OBJC_WEAK = YES;
				CLANG_WARN_BLOCK_CAPTURE_AUTORELEASING = YES;
				CLANG_WARN_BOOL_CONVERSION = YES;
				CLANG_WARN_COMMA = YES;
				CLANG_WARN_CONSTANT_CONVERSION = YES;
				CLANG_WARN_DEPRECATED_OBJC_IMPLEMENTATIONS = YES;
				CLANG_WARN_DIRECT_OBJC_ISA_USAGE = YES_ERROR;
				CLANG_WARN_DOCUMENTATION_COMMENTS = YES;
				CLANG_WARN_EMPTY_BODY = YES;
				CLANG_WARN_ENUM_CONVERSION = YES;
				CLANG_WARN_INFINITE_RECURSION = YES;
				CLANG_WARN_INT_CONVERSION = YES;
				CLANG_WARN_NON_LITERAL_NULL_CONVERSION = YES;
				CLANG_WARN_OBJC_IMPLICIT_RETAIN_SELF = YES;
				CLANG_WARN_OBJC_LITERAL_CONVERSION = YES;
				CLANG_WARN_OBJC_ROOT_CLASS = YES_ERROR;
				CLANG_WARN_QUOTED_INCLUDE_IN_FRAMEWORK_HEADER = YES;
				CLANG_WARN_RANGE_LOOP_ANALYSIS = YES;
				CLANG_WARN_STRICT_PROTOTYPES = YES;
				CLANG_WARN_SUSPICIOUS_MOVE = YES;
				CLANG_WARN_UNGUARDED_AVAILABILITY = YES_AGGRESSIVE;
				CLANG_WARN_UNREACHABLE_CODE = YES;
				CLANG_WARN__DUPLICATE_METHOD_MATCH = YES;
				COPY_PHASE_STRIP = NO;
				DEBUG_INFORMATION_FORMAT = "dwarf-with-dsym";
				ENABLE_NS_ASSERTIONS = NO;
				ENABLE_STRICT_OBJC_MSGSEND = YES;
				GCC_C_LANGUAGE_STANDARD = gnu11;
				GCC_NO_COMMON_BLOCKS = YES;
				GCC_WARN_64_TO_32_BIT_CONVERSION = YES;
				GCC_WARN_ABOUT_RETURN_TYPE = YES_ERROR;
				GCC_WARN_UNDECLARED_SELECTOR = YES;
				GCC_WARN_UNINITIALIZED_AUTOS = YES_AGGRESSIVE;
				GCC_WARN_UNUSED_FUNCTION = YES;
				GCC_WARN_UNUSED_VARIABLE = YES;
				IPHONEOS_DEPLOYMENT_TARGET = 15.2;
				MTL_ENABLE_DEBUG_INFO = NO;
				MTL_FAST_MATH = YES;
				SDKROOT = iphoneos;
				SWIFT_COMPILATION_MODE = wholemodule;
				SWIFT_OPTIMIZATION_LEVEL = "-O";
				VALIDATE_PRODUCT = YES;
			};
			name = Release;
		};
		3F658DF927DC7773000A21AE /* Debug */ = {
			isa = XCBuildConfiguration;
			buildSettings = {
				ASSETCATALOG_COMPILER_APPICON_NAME = AppIcon;
				ASSETCATALOG_COMPILER_GLOBAL_ACCENT_COLOR_NAME = AccentColor;
				CODE_SIGN_STYLE = Automatic;
				CURRENT_PROJECT_VERSION = 1;
				DEVELOPMENT_TEAM = X9F4XX5FX5;
				GENERATE_INFOPLIST_FILE = YES;
				INFOPLIST_FILE = "Magic Ball/Info.plist";
				INFOPLIST_KEY_UIApplicationSupportsIndirectInputEvents = YES;
				INFOPLIST_KEY_UILaunchStoryboardName = LaunchScreen;
				INFOPLIST_KEY_UIMainStoryboardFile = Main;
				INFOPLIST_KEY_UISupportedInterfaceOrientations_iPad = "UIInterfaceOrientationPortrait UIInterfaceOrientationPortraitUpsideDown UIInterfaceOrientationLandscapeLeft UIInterfaceOrientationLandscapeRight";
				INFOPLIST_KEY_UISupportedInterfaceOrientations_iPhone = "UIInterfaceOrientationPortrait UIInterfaceOrientationLandscapeLeft UIInterfaceOrientationLandscapeRight";
				LD_RUNPATH_SEARCH_PATHS = (
					"$(inherited)",
					"@executable_path/Frameworks",
				);
				MARKETING_VERSION = 1.0;
				PRODUCT_BUNDLE_IDENTIFIER = "Magic-Ball-com.gus.Magic-Ball";
				PRODUCT_NAME = "$(TARGET_NAME)";
				SWIFT_EMIT_LOC_STRINGS = YES;
				SWIFT_VERSION = 5.0;
				TARGETED_DEVICE_FAMILY = "1,2";
			};
			name = Debug;
		};
		3F658DFA27DC7773000A21AE /* Release */ = {
			isa = XCBuildConfiguration;
			buildSettings = {
				ASSETCATALOG_COMPILER_APPICON_NAME = AppIcon;
				ASSETCATALOG_COMPILER_GLOBAL_ACCENT_COLOR_NAME = AccentColor;
				CODE_SIGN_STYLE = Automatic;
				CURRENT_PROJECT_VERSION = 1;
				DEVELOPMENT_TEAM = X9F4XX5FX5;
				GENERATE_INFOPLIST_FILE = YES;
				INFOPLIST_FILE = "Magic Ball/Info.plist";
				INFOPLIST_KEY_UIApplicationSupportsIndirectInputEvents = YES;
				INFOPLIST_KEY_UILaunchStoryboardName = LaunchScreen;
				INFOPLIST_KEY_UIMainStoryboardFile = Main;
				INFOPLIST_KEY_UISupportedInterfaceOrientations_iPad = "UIInterfaceOrientationPortrait UIInterfaceOrientationPortraitUpsideDown UIInterfaceOrientationLandscapeLeft UIInterfaceOrientationLandscapeRight";
				INFOPLIST_KEY_UISupportedInterfaceOrientations_iPhone = "UIInterfaceOrientationPortrait UIInterfaceOrientationLandscapeLeft UIInterfaceOrientationLandscapeRight";
				LD_RUNPATH_SEARCH_PATHS = (
					"$(inherited)",
					"@executable_path/Frameworks",
				);
				MARKETING_VERSION = 1.0;
				PRODUCT_BUNDLE_IDENTIFIER = "Magic-Ball-com.gus.Magic-Ball";
				PRODUCT_NAME = "$(TARGET_NAME)";
				SWIFT_EMIT_LOC_STRINGS = YES;
				SWIFT_VERSION = 5.0;
				TARGETED_DEVICE_FAMILY = "1,2";
			};
			name = Release;
		};
		3F658DFC27DC7773000A21AE /* Debug */ = {
			isa = XCBuildConfiguration;
			buildSettings = {
				ALWAYS_EMBED_SWIFT_STANDARD_LIBRARIES = YES;
				BUNDLE_LOADER = "$(TEST_HOST)";
				CODE_SIGN_STYLE = Automatic;
				CURRENT_PROJECT_VERSION = 1;
				DEVELOPMENT_TEAM = X9F4XX5FX5;
				GENERATE_INFOPLIST_FILE = YES;
				IPHONEOS_DEPLOYMENT_TARGET = 15.2;
				MARKETING_VERSION = 1.0;
				PRODUCT_BUNDLE_IDENTIFIER = "Magic-Ball-com.gus.Magic-BallTests";
				PRODUCT_NAME = "$(TARGET_NAME)";
				SWIFT_EMIT_LOC_STRINGS = NO;
				SWIFT_VERSION = 5.0;
				TARGETED_DEVICE_FAMILY = "1,2";
				TEST_HOST = "$(BUILT_PRODUCTS_DIR)/Magic Ball.app/Magic Ball";
			};
			name = Debug;
		};
		3F658DFD27DC7773000A21AE /* Release */ = {
			isa = XCBuildConfiguration;
			buildSettings = {
				ALWAYS_EMBED_SWIFT_STANDARD_LIBRARIES = YES;
				BUNDLE_LOADER = "$(TEST_HOST)";
				CODE_SIGN_STYLE = Automatic;
				CURRENT_PROJECT_VERSION = 1;
				DEVELOPMENT_TEAM = X9F4XX5FX5;
				GENERATE_INFOPLIST_FILE = YES;
				IPHONEOS_DEPLOYMENT_TARGET = 15.2;
				MARKETING_VERSION = 1.0;
				PRODUCT_BUNDLE_IDENTIFIER = "Magic-Ball-com.gus.Magic-BallTests";
				PRODUCT_NAME = "$(TARGET_NAME)";
				SWIFT_EMIT_LOC_STRINGS = NO;
				SWIFT_VERSION = 5.0;
				TARGETED_DEVICE_FAMILY = "1,2";
				TEST_HOST = "$(BUILT_PRODUCTS_DIR)/Magic Ball.app/Magic Ball";
			};
			name = Release;
		};
		3F658DFF27DC7773000A21AE /* Debug */ = {
			isa = XCBuildConfiguration;
			buildSettings = {
				ALWAYS_EMBED_SWIFT_STANDARD_LIBRARIES = YES;
				CODE_SIGN_STYLE = Automatic;
				CURRENT_PROJECT_VERSION = 1;
				DEVELOPMENT_TEAM = X9F4XX5FX5;
				GENERATE_INFOPLIST_FILE = YES;
				MARKETING_VERSION = 1.0;
				PRODUCT_BUNDLE_IDENTIFIER = "Magic-Ball-com.gus.Magic-BallUITests";
				PRODUCT_NAME = "$(TARGET_NAME)";
				SWIFT_EMIT_LOC_STRINGS = NO;
				SWIFT_VERSION = 5.0;
				TARGETED_DEVICE_FAMILY = "1,2";
				TEST_TARGET_NAME = "Magic Ball";
			};
			name = Debug;
		};
		3F658E0027DC7773000A21AE /* Release */ = {
			isa = XCBuildConfiguration;
			buildSettings = {
				ALWAYS_EMBED_SWIFT_STANDARD_LIBRARIES = YES;
				CODE_SIGN_STYLE = Automatic;
				CURRENT_PROJECT_VERSION = 1;
				DEVELOPMENT_TEAM = X9F4XX5FX5;
				GENERATE_INFOPLIST_FILE = YES;
				MARKETING_VERSION = 1.0;
				PRODUCT_BUNDLE_IDENTIFIER = "Magic-Ball-com.gus.Magic-BallUITests";
				PRODUCT_NAME = "$(TARGET_NAME)";
				SWIFT_EMIT_LOC_STRINGS = NO;
				SWIFT_VERSION = 5.0;
				TARGETED_DEVICE_FAMILY = "1,2";
				TEST_TARGET_NAME = "Magic Ball";
			};
			name = Release;
		};
/* End XCBuildConfiguration section */

/* Begin XCConfigurationList section */
		3F658DC927DC7772000A21AE /* Build configuration list for PBXProject "Magic Ball" */ = {
			isa = XCConfigurationList;
			buildConfigurations = (
				3F658DF627DC7773000A21AE /* Debug */,
				3F658DF727DC7773000A21AE /* Release */,
			);
			defaultConfigurationIsVisible = 0;
			defaultConfigurationName = Release;
		};
		3F658DF827DC7773000A21AE /* Build configuration list for PBXNativeTarget "Magic Ball" */ = {
			isa = XCConfigurationList;
			buildConfigurations = (
				3F658DF927DC7773000A21AE /* Debug */,
				3F658DFA27DC7773000A21AE /* Release */,
			);
			defaultConfigurationIsVisible = 0;
			defaultConfigurationName = Release;
		};
		3F658DFB27DC7773000A21AE /* Build configuration list for PBXNativeTarget "Magic BallTests" */ = {
			isa = XCConfigurationList;
			buildConfigurations = (
				3F658DFC27DC7773000A21AE /* Debug */,
				3F658DFD27DC7773000A21AE /* Release */,
			);
			defaultConfigurationIsVisible = 0;
			defaultConfigurationName = Release;
		};
		3F658DFE27DC7773000A21AE /* Build configuration list for PBXNativeTarget "Magic BallUITests" */ = {
			isa = XCConfigurationList;
			buildConfigurations = (
				3F658DFF27DC7773000A21AE /* Debug */,
				3F658E0027DC7773000A21AE /* Release */,
			);
			defaultConfigurationIsVisible = 0;
			defaultConfigurationName = Release;
		};
/* End XCConfigurationList section */
	};
	rootObject = 3F658DC627DC7772000A21AE /* Project object */;
}
